
Microsoft Visual Studio Solution File, Format Version 12.00
# Visual Studio 14
VisualStudioVersion = 14.0.25123.0
MinimumVisualStudioVersion = 10.0.40219.1
Project("{FAE04EC0-301F-11D3-BF4B-00C04F79EFBC}") = "MessengerBot.Server", "MessengerBot.Server\MessengerBot.Server.csproj", "{346285C7-3054-43DB-97DA-DA3FF1D6601B}"
EndProject
Project("{FAE04EC0-301F-11D3-BF4B-00C04F79EFBC}") = "MessengerBot.Core", "MessengerBot.Core\MessengerBot.Core.csproj", "{27FA1D3C-307F-49DB-A9B9-10BB97D78DC2}"
EndProject
Global
	GlobalSection(SolutionConfigurationPlatforms) = preSolution
		Debug|Any CPU = Debug|Any CPU
		Release|Any CPU = Release|Any CPU
	EndGlobalSection
	GlobalSection(ProjectConfigurationPlatforms) = postSolution
		{346285C7-3054-43DB-97DA-DA3FF1D6601B}.Debug|Any CPU.ActiveCfg = Debug|Any CPU
		{346285C7-3054-43DB-97DA-DA3FF1D6601B}.Debug|Any CPU.Build.0 = Debug|Any CPU
		{346285C7-3054-43DB-97DA-DA3FF1D6601B}.Release|Any CPU.ActiveCfg = Release|Any CPU
		{346285C7-3054-43DB-97DA-DA3FF1D6601B}.Release|Any CPU.Build.0 = Release|Any CPU
		{27FA1D3C-307F-49DB-A9B9-10BB97D78DC2}.Debug|Any CPU.ActiveCfg = Debug|Any CPU
		{27FA1D3C-307F-49DB-A9B9-10BB97D78DC2}.Debug|Any CPU.Build.0 = Debug|Any CPU
		{27FA1D3C-307F-49DB-A9B9-10BB97D78DC2}.Release|Any CPU.ActiveCfg = Release|Any CPU
		{27FA1D3C-307F-49DB-A9B9-10BB97D78DC2}.Release|Any CPU.Build.0 = Release|Any CPU
	EndGlobalSection
	GlobalSection(SolutionProperties) = preSolution
		HideSolutionNode = FALSE
	EndGlobalSection
EndGlobal
